
Microsoft Visual Studio Solution File, Format Version 12.00
# Visual Studio Version 16
VisualStudioVersion = 16.0.29424.173
MinimumVisualStudioVersion = 10.0.40219.1
Project("{FAE04EC0-301F-11D3-BF4B-00C04F79EFBC}") = "AoC_Day_4", "AoC_Day_4\AoC_Day_4.csproj", "{196E6236-5264-4FA4-8349-1970232B2CBC}"
EndProject
Global
	GlobalSection(SolutionConfigurationPlatforms) = preSolution
		Debug|Any CPU = Debug|Any CPU
		Release|Any CPU = Release|Any CPU
	EndGlobalSection
	GlobalSection(ProjectConfigurationPlatforms) = postSolution
		{196E6236-5264-4FA4-8349-1970232B2CBC}.Debug|Any CPU.ActiveCfg = Debug|Any CPU
		{196E6236-5264-4FA4-8349-1970232B2CBC}.Debug|Any CPU.Build.0 = Debug|Any CPU
		{196E6236-5264-4FA4-8349-1970232B2CBC}.Release|Any CPU.ActiveCfg = Release|Any CPU
		{196E6236-5264-4FA4-8349-1970232B2CBC}.Release|Any CPU.Build.0 = Release|Any CPU
	EndGlobalSection
	GlobalSection(SolutionProperties) = preSolution
		HideSolutionNode = FALSE
	EndGlobalSection
	GlobalSection(ExtensibilityGlobals) = postSolution
		SolutionGuid = {5C351131-3097-406E-8027-A41B1AFF95C4}
	EndGlobalSection
EndGlobal
